Microsoft Visual Studio Solution File, Format Version 12.00
# Visual Studio 15
VisualStudioVersion = 15.0.27130.2036
MinimumVisualStudioVersion = 10.0.40219.1
Project("{9A19103F-16F7-4668-BE54-9A1E7A4F7556}") = "ExcelDna.CellAddress", "src\ExcelDna.CellAddress\ExcelDna.CellAddress.csproj", "{83F84764-54EB-4B6C-8E1E-302EC42F83D2}"
EndProject
Project("{FAE04EC0-301F-11D3-BF4B-00C04F79EFBC}") = "ExcelDna.CellAddress.Tests", "test\ExcelDna.CellAddress.Tests\ExcelDna.CellAddress.Tests.csproj", "{8C32761F-23B7-457A-80E1-7EE981E71CFA}"
EndProject
Global
	GlobalSection(SolutionConfigurationPlatforms) = preSolution
		Debug|Any CPU = Debug|Any CPU
		Release|Any CPU = Release|Any CPU
	EndGlobalSection
	GlobalSection(ProjectConfigurationPlatforms) = postSolution
		{83F84764-54EB-4B6C-8E1E-302EC42F83D2}.Debug|Any CPU.ActiveCfg = Debug|Any CPU
		{83F84764-54EB-4B6C-8E1E-302EC42F83D2}.Debug|Any CPU.Build.0 = Debug|Any CPU
		{83F84764-54EB-4B6C-8E1E-302EC42F83D2}.Release|Any CPU.ActiveCfg = Release|Any CPU
		{83F84764-54EB-4B6C-8E1E-302EC42F83D2}.Release|Any CPU.Build.0 = Release|Any CPU
		{8C32761F-23B7-457A-80E1-7EE981E71CFA}.Debug|Any CPU.ActiveCfg = Debug|Any CPU
		{8C32761F-23B7-457A-80E1-7EE981E71CFA}.Debug|Any CPU.Build.0 = Debug|Any CPU
		{8C32761F-23B7-457A-80E1-7EE981E71CFA}.Release|Any CPU.ActiveCfg = Release|Any CPU
		{8C32761F-23B7-457A-80E1-7EE981E71CFA}.Release|Any CPU.Build.0 = Release|Any CPU
	EndGlobalSection
	GlobalSection(SolutionProperties) = preSolution
		HideSolutionNode = FALSE
	EndGlobalSection
	GlobalSection(ExtensibilityGlobals) = postSolution
		SolutionGuid = {C02AA0C3-571B-46D9-BA63-DD21CFD493C2}
	EndGlobalSection
EndGlobal
